
Microsoft Visual Studio Solution File, Format Version 12.00
# Visual Studio 15
VisualStudioVersion = 15.0.27428.2037
MinimumVisualStudioVersion = 10.0.40219.1
Project("{FAE04EC0-301F-11D3-BF4B-00C04F79EFBC}") = "Log", "Log\Log.csproj", "{F18857FF-AD47-44AA-9DC1-8B0808782183}"
EndProject
Global
	GlobalSection(SolutionConfigurationPlatforms) = preSolution
		Debug|Any CPU = Debug|Any CPU
		Release|Any CPU = Release|Any CPU
	EndGlobalSection
	GlobalSection(ProjectConfigurationPlatforms) = postSolution
		{F18857FF-AD47-44AA-9DC1-8B0808782183}.Debug|Any CPU.ActiveCfg = Debug|Any CPU
		{F18857FF-AD47-44AA-9DC1-8B0808782183}.Debug|Any CPU.Build.0 = Debug|Any CPU
		{F18857FF-AD47-44AA-9DC1-8B0808782183}.Release|Any CPU.ActiveCfg = Release|Any CPU
		{F18857FF-AD47-44AA-9DC1-8B0808782183}.Release|Any CPU.Build.0 = Release|Any CPU
	EndGlobalSection
	GlobalSection(SolutionProperties) = preSolution
		HideSolutionNode = FALSE
	EndGlobalSection
	GlobalSection(ExtensibilityGlobals) = postSolution
		SolutionGuid = {0F4916F7-686B-4A48-8FAE-4C87BF1B3B6A}
	EndGlobalSection
EndGlobal
